
Microsoft Visual Studio Solution File, Format Version 12.00
# Visual Studio Version 16
VisualStudioVersion = 16.0.32901.82
MinimumVisualStudioVersion = 10.0.40219.1
Project("{FAE04EC0-301F-11D3-BF4B-00C04F79EFBC}") = "picturebox", "picturebox\picturebox.csproj", "{08922183-C73C-4C7D-A021-178525FD2F6F}"
EndProject
Global
	GlobalSection(SolutionConfigurationPlatforms) = preSolution
		Debug|Any CPU = Debug|Any CPU
		Release|Any CPU = Release|Any CPU
	EndGlobalSection
	GlobalSection(ProjectConfigurationPlatforms) = postSolution
		{08922183-C73C-4C7D-A021-178525FD2F6F}.Debug|Any CPU.ActiveCfg = Debug|Any CPU
		{08922183-C73C-4C7D-A021-178525FD2F6F}.Debug|Any CPU.Build.0 = Debug|Any CPU
		{08922183-C73C-4C7D-A021-178525FD2F6F}.Release|Any CPU.ActiveCfg = Release|Any CPU
		{08922183-C73C-4C7D-A021-178525FD2F6F}.Release|Any CPU.Build.0 = Release|Any CPU
	EndGlobalSection
	GlobalSection(SolutionProperties) = preSolution
		HideSolutionNode = FALSE
	EndGlobalSection
	GlobalSection(ExtensibilityGlobals) = postSolution
		SolutionGuid = {8E394098-D544-40E1-9245-BA7F9C9EA644}
	EndGlobalSection
EndGlobal
